
Microsoft Visual Studio Solution File, Format Version 12.00
# Visual Studio 15
VisualStudioVersion = 15.0.28307.1433
MinimumVisualStudioVersion = 10.0.40219.1
Project("{8BC9CEB8-8B4A-11D0-8D11-00A0C91BC942}") = "BinarySearchTree C++", "BinarySearchTree C++\BinarySearchTree C++.vcxproj", "{099B1335-841B-4EB3-947C-0EA22FFB0599}"
EndProject
Global
	GlobalSection(SolutionConfigurationPlatforms) = preSolution
		Debug|x64 = Debug|x64
		Debug|x86 = Debug|x86
		Release|x64 = Release|x64
		Release|x86 = Release|x86
	EndGlobalSection
	GlobalSection(ProjectConfigurationPlatforms) = postSolution
		{099B1335-841B-4EB3-947C-0EA22FFB0599}.Debug|x64.ActiveCfg = Debug|x64
		{099B1335-841B-4EB3-947C-0EA22FFB0599}.Debug|x64.Build.0 = Debug|x64
		{099B1335-841B-4EB3-947C-0EA22FFB0599}.Debug|x86.ActiveCfg = Debug|Win32
		{099B1335-841B-4EB3-947C-0EA22FFB0599}.Debug|x86.Build.0 = Debug|Win32
		{099B1335-841B-4EB3-947C-0EA22FFB0599}.Release|x64.ActiveCfg = Release|x64
		{099B1335-841B-4EB3-947C-0EA22FFB0599}.Release|x64.Build.0 = Release|x64
		{099B1335-841B-4EB3-947C-0EA22FFB0599}.Release|x86.ActiveCfg = Release|Win32
		{099B1335-841B-4EB3-947C-0EA22FFB0599}.Release|x86.Build.0 = Release|Win32
	EndGlobalSection
	GlobalSection(SolutionProperties) = preSolution
		HideSolutionNode = FALSE
	EndGlobalSection
	GlobalSection(ExtensibilityGlobals) = postSolution
		SolutionGuid = {9A9DA520-6C30-4F73-BE6F-183E96961EE9}
	EndGlobalSection
EndGlobal
