
Microsoft Visual Studio Solution File, Format Version 12.00
# Visual Studio 15
VisualStudioVersion = 15.0.28307.1433
MinimumVisualStudioVersion = 10.0.40219.1
Project("{FAE04EC0-301F-11D3-BF4B-00C04F79EFBC}") = "GetUserName", "GetUserName\GetUserName.csproj", "{23CC7447-47A4-4E77-B095-0F59BFEAF21A}"
EndProject
Global
	GlobalSection(SolutionConfigurationPlatforms) = preSolution
		Debug|Any CPU = Debug|Any CPU
		Release|Any CPU = Release|Any CPU
	EndGlobalSection
	GlobalSection(ProjectConfigurationPlatforms) = postSolution
		{23CC7447-47A4-4E77-B095-0F59BFEAF21A}.Debug|Any CPU.ActiveCfg = Debug|Any CPU
		{23CC7447-47A4-4E77-B095-0F59BFEAF21A}.Debug|Any CPU.Build.0 = Debug|Any CPU
		{23CC7447-47A4-4E77-B095-0F59BFEAF21A}.Release|Any CPU.ActiveCfg = Release|Any CPU
		{23CC7447-47A4-4E77-B095-0F59BFEAF21A}.Release|Any CPU.Build.0 = Release|Any CPU
	EndGlobalSection
	GlobalSection(SolutionProperties) = preSolution
		HideSolutionNode = FALSE
	EndGlobalSection
	GlobalSection(ExtensibilityGlobals) = postSolution
		SolutionGuid = {6E504445-C788-4674-9E8B-860A5D234543}
	EndGlobalSection
EndGlobal
